
Microsoft Visual Studio Solution File, Format Version 12.00
# Visual Studio Express 2012 for Windows Desktop
Project("{FAE04EC0-301F-11D3-BF4B-00C04F79EFBC}") = "smithNgine", "smithNgine\smithNgine.csproj", "{034E0336-746C-4F85-83CF-35F713A32891}"
EndProject
Project("{FAE04EC0-301F-11D3-BF4B-00C04F79EFBC}") = "smithTest", "smithTest\smithTest\smithTest.csproj", "{913C3418-45D6-4C0D-86AF-F7EF539BF59B}"
	ProjectSection(ProjectDependencies) = postProject
		{034E0336-746C-4F85-83CF-35F713A32891} = {034E0336-746C-4F85-83CF-35F713A32891}
	EndProjectSection
EndProject
Project("{FAE04EC0-301F-11D3-BF4B-00C04F79EFBC}") = "smithTestContent", "smithTest\smithTestContent\smithTestContent.contentproj", "{6DEC47B0-E551-45F3-ACFD-B578AED53EBA}"
EndProject
Global
	GlobalSection(SolutionConfigurationPlatforms) = preSolution
		Debug|Any CPU = Debug|Any CPU
		Debug|x86 = Debug|x86
		Release|Any CPU = Release|Any CPU
		Release|x86 = Release|x86
	EndGlobalSection
	GlobalSection(ProjectConfigurationPlatforms) = postSolution
		{034E0336-746C-4F85-83CF-35F713A32891}.Debug|Any CPU.ActiveCfg = Debug|x86
		{034E0336-746C-4F85-83CF-35F713A32891}.Debug|x86.ActiveCfg = Debug|x86
		{034E0336-746C-4F85-83CF-35F713A32891}.Debug|x86.Build.0 = Debug|x86
		{034E0336-746C-4F85-83CF-35F713A32891}.Release|Any CPU.ActiveCfg = Release|x86
		{034E0336-746C-4F85-83CF-35F713A32891}.Release|x86.ActiveCfg = Release|x86
		{034E0336-746C-4F85-83CF-35F713A32891}.Release|x86.Build.0 = Release|x86
		{913C3418-45D6-4C0D-86AF-F7EF539BF59B}.Debug|Any CPU.ActiveCfg = Debug|x86
		{913C3418-45D6-4C0D-86AF-F7EF539BF59B}.Debug|x86.ActiveCfg = Debug|x86
		{913C3418-45D6-4C0D-86AF-F7EF539BF59B}.Debug|x86.Build.0 = Debug|x86
		{913C3418-45D6-4C0D-86AF-F7EF539BF59B}.Release|Any CPU.ActiveCfg = Release|x86
		{913C3418-45D6-4C0D-86AF-F7EF539BF59B}.Release|x86.ActiveCfg = Release|x86
		{913C3418-45D6-4C0D-86AF-F7EF539BF59B}.Release|x86.Build.0 = Release|x86
		{6DEC47B0-E551-45F3-ACFD-B578AED53EBA}.Debug|Any CPU.ActiveCfg = Debug|x86
		{6DEC47B0-E551-45F3-ACFD-B578AED53EBA}.Debug|x86.ActiveCfg = Debug|x86
		{6DEC47B0-E551-45F3-ACFD-B578AED53EBA}.Release|Any CPU.ActiveCfg = Release|x86
		{6DEC47B0-E551-45F3-ACFD-B578AED53EBA}.Release|x86.ActiveCfg = Release|x86
	EndGlobalSection
	GlobalSection(SolutionProperties) = preSolution
		HideSolutionNode = FALSE
	EndGlobalSection
EndGlobal
